# This file is automatically @generated by Cargo.
# It is not intended for manual editing.
version = 3

[[package]]
name = "anyhow"
version = "1.0.53"
source = "registry+https://github.com/rust-lang/crates.io-index"
checksum = "94a45b455c14666b85fc40a019e8ab9eb75e3a124e05494f5397122bc9eb06e0"

[[package]]
name = "async-trait"
version = "0.1.52"
source = "registry+https://github.com/rust-lang/crates.io-index"
checksum = "061a7acccaa286c011ddc30970520b98fa40e00c9d644633fb26b5fc63a265e3"
dependencies = [
 "proc-macro2",
 "quote",
 "syn",
]

[[package]]
name = "autocfg"
version = "1.1.0"
source = "registry+https://github.com/rust-lang/crates.io-index"
checksum = "d468802bab17cbc0cc575e9b053f41e72aa36bfa6b7f55e3529ffa43161b97fa"

[[package]]
name = "cfg-if"
version = "1.0.0"
source = "registry+https://github.com/rust-lang/crates.io-index"
checksum = "baf1de4339761588bc0619e3cbc0120ee582ebb74b53b4efbf79117bd2da40fd"

[[package]]
name = "hashbrown"
version = "0.11.2"
source = "registry+https://github.com/rust-lang/crates.io-index"
checksum = "ab5ef0d4909ef3724cc8cce6ccc8572c5c817592e9285f5464f8e86f8bd3726e"

[[package]]
name = "indexmap"
version = "1.8.1"
source = "registry+https://github.com/rust-lang/crates.io-index"
checksum = "0f647032dfaa1f8b6dc29bd3edb7bbef4861b8b8007ebb118d6db284fd59f6ee"
dependencies = [
 "autocfg",
 "hashbrown",
]

[[package]]
name = "lazy_static"
version = "1.4.0"
source = "registry+https://github.com/rust-lang/crates.io-index"
checksum = "e2abad23fbc42b3700f2f279844dc832adb2b2eb069b2df918f455c4e18cc646"

[[package]]
name = "pin-project-lite"
version = "0.2.8"
source = "registry+https://github.com/rust-lang/crates.io-index"
checksum = "e280fbe77cc62c91527259e9442153f4688736748d24660126286329742b4c6c"

[[package]]
name = "proc-macro2"
version = "1.0.36"
source = "registry+https://github.com/rust-lang/crates.io-index"
checksum = "c7342d5883fbccae1cc37a2353b09c87c9b0f3afd73f5fb9bba687a1f733b029"
dependencies = [
 "unicode-xid",
]

[[package]]
name = "quote"
version = "1.0.15"
source = "registry+https://github.com/rust-lang/crates.io-index"
checksum = "864d3e96a899863136fc6e99f3d7cae289dafe43bf2c5ac19b70df7210c0a145"
dependencies = [
 "proc-macro2",
]

[[package]]
name = "serde"
version = "1.0.136"
source = "registry+https://github.com/rust-lang/crates.io-index"
checksum = "ce31e24b01e1e524df96f1c2fdd054405f8d7376249a5110886fb4b658484789"
dependencies = [
 "serde_derive",
]

[[package]]
name = "serde_derive"
version = "1.0.136"
source = "registry+https://github.com/rust-lang/crates.io-index"
checksum = "08597e7152fcd306f41838ed3e37be9eaeed2b61c42e2117266a554fab4662f9"
dependencies = [
 "proc-macro2",
 "quote",
 "syn",
]

[[package]]
name = "smithy-rs-tool-common"
version = "0.1.0"
dependencies = [
 "anyhow",
 "async-trait",
 "serde",
 "tokio",
 "toml",
 "tracing",
]

[[package]]
name = "syn"
version = "1.0.86"
source = "registry+https://github.com/rust-lang/crates.io-index"
checksum = "8a65b3f4ffa0092e9887669db0eae07941f023991ab58ea44da8fe8e2d511c6b"
dependencies = [
 "proc-macro2",
 "quote",
 "unicode-xid",
]

[[package]]
name = "tokio"
version = "1.16.1"
source = "registry+https://github.com/rust-lang/crates.io-index"
checksum = "0c27a64b625de6d309e8c57716ba93021dccf1b3b5c97edd6d3dd2d2135afc0a"
dependencies = [
 "pin-project-lite",
 "tokio-macros",
]

[[package]]
name = "tokio-macros"
version = "1.7.0"
source = "registry+https://github.com/rust-lang/crates.io-index"
checksum = "b557f72f448c511a979e2564e55d74e6c4432fc96ff4f6241bc6bded342643b7"
dependencies = [
 "proc-macro2",
 "quote",
 "syn",
]

[[package]]
name = "toml"
version = "0.5.9"
source = "registry+https://github.com/rust-lang/crates.io-index"
checksum = "8d82e1a7758622a465f8cee077614c73484dac5b836c02ff6a40d5d1010324d7"
dependencies = [
 "indexmap",
 "serde",
]

[[package]]
name = "tracing"
version = "0.1.30"
source = "registry+https://github.com/rust-lang/crates.io-index"
checksum = "2d8d93354fe2a8e50d5953f5ae2e47a3fc2ef03292e7ea46e3cc38f549525fb9"
dependencies = [
 "cfg-if",
 "pin-project-lite",
 "tracing-attributes",
 "tracing-core",
]

[[package]]
name = "tracing-attributes"
version = "0.1.19"
source = "registry+https://github.com/rust-lang/crates.io-index"
checksum = "8276d9a4a3a558d7b7ad5303ad50b53d58264641b82914b7ada36bd762e7a716"
dependencies = [
 "proc-macro2",
 "quote",
 "syn",
]

[[package]]
name = "tracing-core"
version = "0.1.22"
source = "registry+https://github.com/rust-lang/crates.io-index"
checksum = "03cfcb51380632a72d3111cb8d3447a8d908e577d31beeac006f836383d29a23"
dependencies = [
 "lazy_static",
]

[[package]]
name = "unicode-xid"
version = "0.2.2"
source = "registry+https://github.com/rust-lang/crates.io-index"
checksum = "8ccb82d61f80a663efe1f787a51b16b5a51e3314d6ac365b08639f52387b33f3"
