# This file is automatically @generated by Cargo.
# It is not intended for manual editing.
version = 4

[[package]]
name = "aho-corasick"
version = "1.1.5"
source = "registry+https://github.com/rust-lang/crates.io-index"
checksum = "c982642fa9e8606056828ee9a8505737230110bb1099153c79efe865c59d12ba"
dependencies = [
 "memchr",
]

[[package]]
name = "atomic-waker"
version = "1.1.2"
source = "registry+https://github.com/rust-lang/crates.io-index"
checksum = "1505bd5d3d116872e7271a6d4e16d81d0c8570876c8de68093a09ac269d8aac0"

[[package]]
name = "autocfg"
version = "1.5.1"
source = "registry+https://github.com/rust-lang/crates.io-index"
checksum = "f2032f911046de80f0a198e0901378627c33f59ea0ac00e363d481118bd70a53"

[[package]]
name = "aws-smithy-async"
version = "1.3.0"
dependencies = [
 "futures-util",
 "pin-project-lite",
 "tokio",
]

[[package]]
name = "aws-smithy-cbor"
version = "0.62.1"
dependencies = [
 "aws-smithy-runtime-api",
 "aws-smithy-schema",
 "aws-smithy-types",
 "minicbor",
 "num-bigint",
]

[[package]]
name = "aws-smithy-eventstream"
version = "0.61.3"
dependencies = [
 "aws-smithy-types",
 "bytes",
 "crc32fast",
]

[[package]]
name = "aws-smithy-http"
version = "0.64.0"
dependencies = [
 "aws-smithy-eventstream",
 "aws-smithy-runtime-api",
 "aws-smithy-types",
 "bytes",
 "bytes-utils",
 "futures-core",
 "futures-util",
 "http 1.5.0",
 "http-body 1.1.0",
 "http-body-util",
 "percent-encoding",
 "pin-project-lite",
 "pin-utils",
 "tracing",
]

[[package]]
name = "aws-smithy-http-server"
version = "0.67.0"
dependencies = [
 "aws-smithy-cbor",
 "aws-smithy-http",
 "aws-smithy-json",
 "aws-smithy-runtime-api",
 "aws-smithy-schema",
 "aws-smithy-types",
 "aws-smithy-xml",
 "bytes",
 "futures-util",
 "http 1.5.0",
 "http-body 1.1.0",
 "http-body-util",
 "hyper",
 "hyper-util",
 "mime",
 "nom",
 "pin-project-lite",
 "regex",
 "serde_urlencoded",
 "thiserror",
 "tokio",
 "tower",
 "tower-http",
 "tracing",
 "uuid",
]

[[package]]
name = "aws-smithy-json"
version = "0.63.1"
dependencies = [
 "aws-smithy-runtime-api",
 "aws-smithy-schema",
 "aws-smithy-types",
]

[[package]]
name = "aws-smithy-runtime-api"
version = "1.15.1"
dependencies = [
 "aws-smithy-async",
 "aws-smithy-runtime-api-macros",
 "aws-smithy-types",
 "bytes",
 "http 0.2.12",
 "http 1.5.0",
 "pin-project-lite",
 "tokio",
 "tracing",
]

[[package]]
name = "aws-smithy-runtime-api-macros"
version = "1.1.0"
dependencies = [
 "proc-macro2",
 "quote",
 "syn 2.0.119",
]

[[package]]
name = "aws-smithy-schema"
version = "0.2.1"
dependencies = [
 "aws-smithy-runtime-api",
 "aws-smithy-types",
 "http 1.5.0",
]

[[package]]
name = "aws-smithy-types"
version = "1.6.3"
dependencies = [
 "base64-simd",
 "bytes",
 "bytes-utils",
 "futures-core",
 "http 0.2.12",
 "http 1.5.0",
 "http-body 0.4.6",
 "http-body 1.1.0",
 "http-body-util",
 "indexmap",
 "itoa",
 "num-integer",
 "pin-project-lite",
 "pin-utils",
 "ryu",
 "serde",
 "time",
 "tokio",
 "tokio-util",
]

[[package]]
name = "aws-smithy-xml"
version = "0.62.1"
dependencies = [
 "aws-smithy-runtime-api",
 "aws-smithy-schema",
 "aws-smithy-types",
 "xmlparser",
]

[[package]]
name = "base64-simd"
version = "0.8.0"
source = "registry+https://github.com/rust-lang/crates.io-index"
checksum = "339abbe78e73178762e23bea9dfd08e697eb3f3301cd4be981c0f78ba5859195"
dependencies = [
 "outref",
 "vsimd",
]

[[package]]
name = "bitflags"
version = "2.13.1"
source = "registry+https://github.com/rust-lang/crates.io-index"
checksum = "b588b76d00fde79687d7646a9b5bdf3cc0f655e0bbd080335a95d7e96f3587da"

[[package]]
name = "bumpalo"
version = "3.20.3"
source = "registry+https://github.com/rust-lang/crates.io-index"
checksum = "72f5acc6cb2ba439de613abc23857ec3d78374d8ed5ac84e9d11336e87da8649"

[[package]]
name = "bytes"
version = "1.12.1"
source = "registry+https://github.com/rust-lang/crates.io-index"
checksum = "fc652a48c352aef3ea3aed32080501cf3ef6ed5da78602a020c991775b0aff04"

[[package]]
name = "bytes-utils"
version = "0.1.4"
source = "registry+https://github.com/rust-lang/crates.io-index"
checksum = "7dafe3a8757b027e2be6e4e5601ed563c55989fcf1546e933c66c8eb3a058d35"
dependencies = [
 "bytes",
 "either",
]

[[package]]
name = "cfg-if"
version = "1.0.4"
source = "registry+https://github.com/rust-lang/crates.io-index"
checksum = "9330f8b2ff13f34540b44e946ef35111825727b38d33286ef986142615121801"

[[package]]
name = "chacha20"
version = "0.10.1"
source = "registry+https://github.com/rust-lang/crates.io-index"
checksum = "d524456ba66e72eb8b115ff89e01e497f8e6d11d78b70b1aa13c0fbd97540a81"
dependencies = [
 "cfg-if",
 "cpufeatures",
 "rand_core",
]

[[package]]
name = "constraints"
version = "0.0.1"
dependencies = [
 "aws-smithy-eventstream",
 "aws-smithy-http",
 "aws-smithy-http-server",
 "aws-smithy-json",
 "aws-smithy-runtime-api",
 "aws-smithy-types",
 "bytes",
 "form_urlencoded",
 "futures-util",
 "http 1.5.0",
 "http-body 1.1.0",
 "http-body-util",
 "mime",
 "nom",
 "percent-encoding",
 "pin-project-lite",
 "regex",
 "tower",
 "tracing",
]

[[package]]
name = "constraints-schema"
version = "0.0.1"
dependencies = [
 "aws-smithy-eventstream",
 "aws-smithy-http",
 "aws-smithy-http-server",
 "aws-smithy-json",
 "aws-smithy-runtime-api",
 "aws-smithy-schema",
 "aws-smithy-types",
 "bytes",
 "form_urlencoded",
 "futures-util",
 "http 1.5.0",
 "http-body 1.1.0",
 "http-body-util",
 "mime",
 "nom",
 "percent-encoding",
 "pin-project-lite",
 "regex",
 "tower",
 "tracing",
]

[[package]]
name = "cpufeatures"
version = "0.3.0"
source = "registry+https://github.com/rust-lang/crates.io-index"
checksum = "8b2a41393f66f16b0823bb79094d54ac5fbd34ab292ddafb9a0456ac9f87d201"
dependencies = [
 "libc",
]

[[package]]
name = "crc32fast"
version = "1.5.1"
source = "registry+https://github.com/rust-lang/crates.io-index"
checksum = "8498c871161e1742aaa9d52551b2d6ebdd4c3d45a3be423e3728f33b955be550"
dependencies = [
 "cfg-if",
]

[[package]]
name = "crunchy"
version = "0.2.4"
source = "registry+https://github.com/rust-lang/crates.io-index"
checksum = "460fbee9c2c2f33933d720630a6a0bac33ba7053db5344fac858d4b8952d77d5"

[[package]]
name = "custom-validation-exception-example"
version = "0.0.1"
dependencies = [
 "aws-smithy-http",
 "aws-smithy-http-server",
 "aws-smithy-json",
 "aws-smithy-runtime-api",
 "aws-smithy-types",
 "futures-util",
 "http 1.5.0",
 "http-body-util",
 "mime",
 "pin-project-lite",
 "tower",
 "tracing",
]

[[package]]
name = "deranged"
version = "0.5.8"
source = "registry+https://github.com/rust-lang/crates.io-index"
checksum = "7cd812cc2bc1d69d4764bd80df88b4317eaef9e773c75226407d9bc0876b211c"

[[package]]
name = "either"
version = "1.18.0"
source = "registry+https://github.com/rust-lang/crates.io-index"
checksum = "252afb9ae5eaa683babdc6a068b3f5726eb19e05070c731f9b2a23a7c3e8ed34"

[[package]]
name = "equivalent"
version = "1.0.2"
source = "registry+https://github.com/rust-lang/crates.io-index"
checksum = "877a4ace8713b0bcf2a4e7eec82529c029f1d0619886d18145fea96c3ffe5c0f"

[[package]]
name = "errno"
version = "0.3.14"
source = "registry+https://github.com/rust-lang/crates.io-index"
checksum = "39cab71617ae0d63f51a36d69f866391735b51691dbda63cf6f96d042b63efeb"
dependencies = [
 "libc",
 "windows-sys",
]

[[package]]
name = "fnv"
version = "1.0.7"
source = "registry+https://github.com/rust-lang/crates.io-index"
checksum = "3f9eec918d3f24069decb9af1554cad7c880e2da24a9afd88aca000531ab82c1"

[[package]]
name = "form_urlencoded"
version = "1.2.2"
source = "registry+https://github.com/rust-lang/crates.io-index"
checksum = "cb4cb245038516f5f85277875cdaa4f7d2c9a0fa0468de06ed190163b1581fcf"
dependencies = [
 "percent-encoding",
]

[[package]]
name = "futures-channel"
version = "0.3.34"
source = "registry+https://github.com/rust-lang/crates.io-index"
checksum = "b1f9e3d69d39e4862ffed03ed071a76f9a13ba1d9109d355b0f0aa6b15e393c4"
dependencies = [
 "futures-core",
]

[[package]]
name = "futures-core"
version = "0.3.34"
source = "registry+https://github.com/rust-lang/crates.io-index"
checksum = "92d699e522242e69e3003b94ecc1f960f3a5e015aa7c5d7486e65ad01dd94f5e"

[[package]]
name = "futures-macro"
version = "0.3.34"
source = "registry+https://github.com/rust-lang/crates.io-index"
checksum = "9fb9654ba8355388abeb8dcb4fc62f511300867002afc858860463bdd9fe0c44"
dependencies = [
 "proc-macro2",
 "quote",
 "syn 3.0.3",
]

[[package]]
name = "futures-sink"
version = "0.3.34"
source = "registry+https://github.com/rust-lang/crates.io-index"
checksum = "1944426bf7d03f1d14f708785e4b33efd750b36d48a157b836b3efc15ede8e1d"

[[package]]
name = "futures-task"
version = "0.3.34"
source = "registry+https://github.com/rust-lang/crates.io-index"
checksum = "cd417de3d1d015fc3bfd2b1ea46dfc7bab72ef86f1cc7cc9c78e728b34a6d1fd"

[[package]]
name = "futures-util"
version = "0.3.34"
source = "registry+https://github.com/rust-lang/crates.io-index"
checksum = "0d50a92467f8ba5dd6e3ee5d4bd04d73ab2e4e1c44474a0674821dfce14b79bc"
dependencies = [
 "futures-core",
 "futures-macro",
 "futures-task",
 "pin-project-lite",
 "slab",
]

[[package]]
name = "getrandom"
version = "0.4.3"
source = "registry+https://github.com/rust-lang/crates.io-index"
checksum = "300e883d756b2e4ec94e02791f39b04b522276138852cfc41d9fb7e904106099"
dependencies = [
 "cfg-if",
 "libc",
 "r-efi",
 "rand_core",
]

[[package]]
name = "h2"
version = "0.4.18"
source = "registry+https://github.com/rust-lang/crates.io-index"
checksum = "839c0e8a181239723652be9062bb56ca5bf5f64011f73b623f6f4fc59086a228"
dependencies = [
 "atomic-waker",
 "bytes",
 "fnv",
 "futures-core",
 "futures-sink",
 "http 1.5.0",
 "indexmap",
 "slab",
 "tokio",
 "tokio-util",
 "tracing",
]

[[package]]
name = "half"
version = "2.7.1"
source = "registry+https://github.com/rust-lang/crates.io-index"
checksum = "6ea2d84b969582b4b1864a92dc5d27cd2b77b622a8d79306834f1be5ba20d84b"
dependencies = [
 "cfg-if",
 "crunchy",
 "zerocopy",
]

[[package]]
name = "hashbrown"
version = "0.17.1"
source = "registry+https://github.com/rust-lang/crates.io-index"
checksum = "ed5909b6e89a2db4456e54cd5f673791d7eca6732202bbf2a9cc504fe2f9b84a"

[[package]]
name = "http"
version = "0.2.12"
source = "registry+https://github.com/rust-lang/crates.io-index"
checksum = "601cbb57e577e2f5ef5be8e7b83f0f63994f25aa94d673e54a92d5c516d101f1"
dependencies = [
 "bytes",
 "fnv",
 "itoa",
]

[[package]]
name = "http"
version = "1.5.0"
source = "registry+https://github.com/rust-lang/crates.io-index"
checksum = "918d3568bebf352712bc2ef3d46a8bcf1a75b373be6539de198e9105cbbf9ce0"
dependencies = [
 "bytes",
 "itoa",
]

[[package]]
name = "http-body"
version = "0.4.6"
source = "registry+https://github.com/rust-lang/crates.io-index"
checksum = "7ceab25649e9960c0311ea418d17bee82c0dcec1bd053b5f9a66e265a693bed2"
dependencies = [
 "bytes",
 "http 0.2.12",
 "pin-project-lite",
]

[[package]]
name = "http-body"
version = "1.1.0"
source = "registry+https://github.com/rust-lang/crates.io-index"
checksum = "ca2a8f2913ee65f60facd6a5905613afaa448497a0230cc41ce022d93290bc2c"
dependencies = [
 "bytes",
 "http 1.5.0",
]

[[package]]
name = "http-body-util"
version = "0.1.5"
source = "registry+https://github.com/rust-lang/crates.io-index"
checksum = "23169fe34a5fbcdd3f3862e78fb9b6fccd5f02a6dc6f732547005d45631ce71c"
dependencies = [
 "bytes",
 "futures-core",
 "http 1.5.0",
 "http-body 1.1.0",
 "pin-project-lite",
]

[[package]]
name = "httparse"
version = "1.10.1"
source = "registry+https://github.com/rust-lang/crates.io-index"
checksum = "6dbf3de79e51f3d586ab4cb9d5c3e2c14aa28ed23d180cf89b4df0454a69cc87"

[[package]]
name = "httpdate"
version = "1.0.3"
source = "registry+https://github.com/rust-lang/crates.io-index"
checksum = "df3b46402a9d5adb4c86a0cf463f42e19994e3ee891101b1841f30a545cb49a9"

[[package]]
name = "hyper"
version = "1.11.0"
source = "registry+https://github.com/rust-lang/crates.io-index"
checksum = "d22053281f852e11534f5198498373cbb59295120a20771d90f7ed1897490a72"
dependencies = [
 "atomic-waker",
 "bytes",
 "futures-channel",
 "futures-core",
 "h2",
 "http 1.5.0",
 "http-body 1.1.0",
 "httparse",
 "httpdate",
 "itoa",
 "pin-project-lite",
 "smallvec",
 "tokio",
]

[[package]]
name = "hyper-util"
version = "0.1.20"
source = "registry+https://github.com/rust-lang/crates.io-index"
checksum = "96547c2556ec9d12fb1578c4eaf448b04993e7fb79cbaad930a656880a6bdfa0"
dependencies = [
 "bytes",
 "http 1.5.0",
 "http-body 1.1.0",
 "hyper",
 "pin-project-lite",
 "tokio",
 "tower-service",
]

[[package]]
name = "indexmap"
version = "2.14.0"
source = "registry+https://github.com/rust-lang/crates.io-index"
checksum = "d466e9454f08e4a911e14806c24e16fba1b4c121d1ea474396f396069cf949d9"
dependencies = [
 "equivalent",
 "hashbrown",
]

[[package]]
name = "itoa"
version = "1.0.18"
source = "registry+https://github.com/rust-lang/crates.io-index"
checksum = "8f42a60cbdf9a97f5d2305f08a87dc4e09308d1276d28c869c684d7777685682"

[[package]]
name = "js-sys"
version = "0.3.104"
source = "registry+https://github.com/rust-lang/crates.io-index"
checksum = "0e0c1080212aad755ea003d18543e8768dd432c48819efd73a7bf1e39b7a5a3a"
dependencies = [
 "cfg-if",
 "futures-util",
 "wasm-bindgen",
]

[[package]]
name = "json_rpc10"
version = "0.0.1"
dependencies = [
 "aws-smithy-http",
 "aws-smithy-http-server",
 "aws-smithy-json",
 "aws-smithy-runtime-api",
 "aws-smithy-types",
 "futures-util",
 "http 1.5.0",
 "http-body-util",
 "mime",
 "pin-project-lite",
 "tower",
 "tracing",
]

[[package]]
name = "json_rpc10-schema"
version = "0.0.1"
dependencies = [
 "aws-smithy-http",
 "aws-smithy-http-server",
 "aws-smithy-json",
 "aws-smithy-runtime-api",
 "aws-smithy-schema",
 "aws-smithy-types",
 "futures-util",
 "http 1.5.0",
 "http-body-util",
 "mime",
 "pin-project-lite",
 "tower",
 "tracing",
]

[[package]]
name = "json_rpc11"
version = "0.0.1"
dependencies = [
 "aws-smithy-http",
 "aws-smithy-http-server",
 "aws-smithy-json",
 "aws-smithy-runtime-api",
 "aws-smithy-types",
 "futures-util",
 "http 1.5.0",
 "http-body-util",
 "mime",
 "pin-project-lite",
 "tower",
 "tracing",
]

[[package]]
name = "json_rpc11-schema"
version = "0.0.1"
dependencies = [
 "aws-smithy-http",
 "aws-smithy-http-server",
 "aws-smithy-json",
 "aws-smithy-runtime-api",
 "aws-smithy-schema",
 "aws-smithy-types",
 "futures-util",
 "http 1.5.0",
 "http-body-util",
 "mime",
 "pin-project-lite",
 "tower",
 "tracing",
]

[[package]]
name = "libc"
version = "0.2.189"
source = "registry+https://github.com/rust-lang/crates.io-index"
checksum = "3eaf3ede3fee6db1a4c2ee091bf8a8b4dccdc6d17f656fb07896ee72867612f2"

[[package]]
name = "lock_api"
version = "0.4.14"
source = "registry+https://github.com/rust-lang/crates.io-index"
checksum = "224399e74b87b5f3557511d98dff8b14089b3dadafcab6bb93eab67d3aace965"
dependencies = [
 "scopeguard",
]

[[package]]
name = "log"
version = "0.4.34"
source = "registry+https://github.com/rust-lang/crates.io-index"
checksum = "f9f8bd3e56ce4dfc153cf470fffbfa98c7620958b312ca5c3a4b8d5181fd13c6"

[[package]]
name = "memchr"
version = "2.8.3"
source = "registry+https://github.com/rust-lang/crates.io-index"
checksum = "cf8baf1c55e62ffcace7a9f06f4bd9cd3f0c4beb022d3b367256b91b87513d98"

[[package]]
name = "mime"
version = "0.3.17"
source = "registry+https://github.com/rust-lang/crates.io-index"
checksum = "6877bb514081ee2a7ff5ef9de3281f14a4dd4bceac4c09388074a6b5df8a139a"

[[package]]
name = "minicbor"
version = "2.3.0"
source = "registry+https://github.com/rust-lang/crates.io-index"
checksum = "c12b4033ffaa92fbf9df03df38d19324f52bad130dd223f811734a8006dd2d69"
dependencies = [
 "half",
]

[[package]]
name = "minimal-lexical"
version = "0.2.1"
source = "registry+https://github.com/rust-lang/crates.io-index"
checksum = "68354c5c6bd36d73ff3feceb05efa59b6acb7626617f4962be322a825e61f79a"

[[package]]
name = "mio"
version = "1.2.2"
source = "registry+https://github.com/rust-lang/crates.io-index"
checksum = "30d65c71f1ce40ab09135ce117d742b9f8a19ff91a41a8b57ed50bc2de59c427"
dependencies = [
 "libc",
 "wasi",
 "windows-sys",
]

[[package]]
name = "nom"
version = "7.1.3"
source = "registry+https://github.com/rust-lang/crates.io-index"
checksum = "d273983c5a657a70a3e8f2a01329822f3b8c8172b73826411a55751e404a0a4a"
dependencies = [
 "memchr",
 "minimal-lexical",
]

[[package]]
name = "num-bigint"
version = "0.4.8"
source = "registry+https://github.com/rust-lang/crates.io-index"
checksum = "c89e69e7e0f03bea5ef08013795c25018e101932225a656383bd384495ecc367"
dependencies = [
 "num-integer",
 "num-traits",
]

[[package]]
name = "num-conv"
version = "0.2.2"
source = "registry+https://github.com/rust-lang/crates.io-index"
checksum = "521739c6d2bac4aa25192232afe6841231376b2b26d4d9fae5ecf8ca5772e441"

[[package]]
name = "num-integer"
version = "0.1.47"
source = "registry+https://github.com/rust-lang/crates.io-index"
checksum = "7ce2d95d4b3734dc35aa2f45e1aa22cd416814592a4f9d9205e11affd5b8e10b"
dependencies = [
 "num-traits",
]

[[package]]
name = "num-traits"
version = "0.2.19"
source = "registry+https://github.com/rust-lang/crates.io-index"
checksum = "071dfc062690e90b734c0b2273ce72ad0ffa95f0c74596bc250dcfd960262841"
dependencies = [
 "autocfg",
]

[[package]]
name = "once_cell"
version = "1.21.4"
source = "registry+https://github.com/rust-lang/crates.io-index"
checksum = "9f7c3e4beb33f85d45ae3e3a1792185706c8e16d043238c593331cc7cd313b50"

[[package]]
name = "outref"
version = "0.5.2"
source = "registry+https://github.com/rust-lang/crates.io-index"
checksum = "1a80800c0488c3a21695ea981a54918fbb37abf04f4d0720c453632255e2ff0e"

[[package]]
name = "parking_lot"
version = "0.12.5"
source = "registry+https://github.com/rust-lang/crates.io-index"
checksum = "93857453250e3077bd71ff98b6a65ea6621a19bb0f559a85248955ac12c45a1a"
dependencies = [
 "lock_api",
 "parking_lot_core",
]

[[package]]
name = "parking_lot_core"
version = "0.9.12"
source = "registry+https://github.com/rust-lang/crates.io-index"
checksum = "2621685985a2ebf1c516881c026032ac7deafcda1a2c9b7850dc81e3dfcb64c1"
dependencies = [
 "cfg-if",
 "libc",
 "redox_syscall",
 "smallvec",
 "windows-link",
]

[[package]]
name = "percent-encoding"
version = "2.3.2"
source = "registry+https://github.com/rust-lang/crates.io-index"
checksum = "9b4f627cb1b25917193a259e49bdad08f671f8d9708acfd5fe0a8c1455d87220"

[[package]]
name = "pin-project"
version = "1.1.13"
source = "registry+https://github.com/rust-lang/crates.io-index"
checksum = "2466b2336ed02bcdca6b294417127b90ec92038d1d5c4fbeac971a922e0e0924"
dependencies = [
 "pin-project-internal",
]

[[package]]
name = "pin-project-internal"
version = "1.1.13"
source = "registry+https://github.com/rust-lang/crates.io-index"
checksum = "c96395f0a926bc13b1c17622aaddda1ecb55d49c8f1bf9777e4d877800a43f8b"
dependencies = [
 "proc-macro2",
 "quote",
 "syn 2.0.119",
]

[[package]]
name = "pin-project-lite"
version = "0.2.17"
source = "registry+https://github.com/rust-lang/crates.io-index"
checksum = "a89322df9ebe1c1578d689c92318e070967d1042b512afbe49518723f4e6d5cd"

[[package]]
name = "pin-utils"
version = "0.1.0"
source = "registry+https://github.com/rust-lang/crates.io-index"
checksum = "8b870d8c151b6f2fb93e84a13146138f05d02ed11c7e7c54f8826aaaf7c9f184"

[[package]]
name = "pokemon-service-server-sdk"
version = "0.0.1"
dependencies = [
 "aws-smithy-cbor",
 "aws-smithy-eventstream",
 "aws-smithy-http",
 "aws-smithy-http-server",
 "aws-smithy-json",
 "aws-smithy-runtime-api",
 "aws-smithy-types",
 "aws-smithy-xml",
 "bytes",
 "futures-util",
 "http 1.5.0",
 "http-body 1.1.0",
 "http-body-util",
 "mime",
 "nom",
 "percent-encoding",
 "pin-project-lite",
 "tower",
 "tracing",
]

[[package]]
name = "pokemon-service-server-sdk-schema"
version = "0.0.1"
dependencies = [
 "aws-smithy-cbor",
 "aws-smithy-eventstream",
 "aws-smithy-http",
 "aws-smithy-http-server",
 "aws-smithy-json",
 "aws-smithy-runtime-api",
 "aws-smithy-schema",
 "aws-smithy-types",
 "aws-smithy-xml",
 "bytes",
 "futures-util",
 "http 1.5.0",
 "http-body 1.1.0",
 "http-body-util",
 "mime",
 "nom",
 "percent-encoding",
 "pin-project-lite",
 "tower",
 "tracing",
]

[[package]]
name = "powerfmt"
version = "0.2.0"
source = "registry+https://github.com/rust-lang/crates.io-index"
checksum = "439ee305def115ba05938db6eb1644ff94165c5ab5e9420d1c1bcedbba909391"

[[package]]
name = "proc-macro2"
version = "1.0.107"
source = "registry+https://github.com/rust-lang/crates.io-index"
checksum = "985e7ec9bb745e6ce6535b544d84d6cd6f7ad8bd711c398938ae983b91a766d9"
dependencies = [
 "unicode-ident",
]

[[package]]
name = "quote"
version = "1.0.47"
source = "registry+https://github.com/rust-lang/crates.io-index"
checksum = "1fbf4db142a473a8d80c26bbf18454ed458bf8d26c8219c331daecfdbd079001"
dependencies = [
 "proc-macro2",
]

[[package]]
name = "r-efi"
version = "6.0.0"
source = "registry+https://github.com/rust-lang/crates.io-index"
checksum = "f8dcc9c7d52a811697d2151c701e0d08956f92b0e24136cf4cf27b57a6a0d9bf"

[[package]]
name = "rand"
version = "0.10.2"
source = "registry+https://github.com/rust-lang/crates.io-index"
checksum = "c7f5fa3a058cd35567ef9bfa5e75732bee0f9e4c55fa90477bef2dfcdbc4be80"
dependencies = [
 "chacha20",
 "getrandom",
 "rand_core",
]

[[package]]
name = "rand_core"
version = "0.10.1"
source = "registry+https://github.com/rust-lang/crates.io-index"
checksum = "63b8176103e19a2643978565ca18b50549f6101881c443590420e4dc998a3c69"

[[package]]
name = "redox_syscall"
version = "0.5.18"
source = "registry+https://github.com/rust-lang/crates.io-index"
checksum = "ed2bf2547551a7053d6fdfafda3f938979645c44812fbfcda098faae3f1a362d"
dependencies = [
 "bitflags",
]

[[package]]
name = "regex"
version = "1.13.1"
source = "registry+https://github.com/rust-lang/crates.io-index"
checksum = "f020237b6c8eed93db2e2cb53c00c60a8e1bc73da7d073199a1180401450218d"
dependencies = [
 "aho-corasick",
 "memchr",
 "regex-automata",
 "regex-syntax",
]

[[package]]
name = "regex-automata"
version = "0.4.18"
source = "registry+https://github.com/rust-lang/crates.io-index"
checksum = "ad8553b9b26413251cbf30e620595c7a41b3887f03da04579c0e6b0d6a06b4b2"
dependencies = [
 "aho-corasick",
 "memchr",
 "regex-syntax",
]

[[package]]
name = "regex-syntax"
version = "0.8.11"
source = "registry+https://github.com/rust-lang/crates.io-index"
checksum = "d6f6ff9a378485b298a5286656da665ba74413d36db0979633275d2e708145d4"

[[package]]
name = "rest_json"
version = "0.0.1"
dependencies = [
 "aws-smithy-eventstream",
 "aws-smithy-http",
 "aws-smithy-http-server",
 "aws-smithy-json",
 "aws-smithy-runtime-api",
 "aws-smithy-types",
 "bytes",
 "form_urlencoded",
 "futures-util",
 "http 1.5.0",
 "http-body 1.1.0",
 "http-body-util",
 "mime",
 "nom",
 "percent-encoding",
 "pin-project-lite",
 "tower",
 "tracing",
]

[[package]]
name = "rest_json-schema"
version = "0.0.1"
dependencies = [
 "aws-smithy-eventstream",
 "aws-smithy-http",
 "aws-smithy-http-server",
 "aws-smithy-json",
 "aws-smithy-runtime-api",
 "aws-smithy-schema",
 "aws-smithy-types",
 "bytes",
 "form_urlencoded",
 "futures-util",
 "http 1.5.0",
 "http-body 1.1.0",
 "http-body-util",
 "mime",
 "nom",
 "percent-encoding",
 "pin-project-lite",
 "tower",
 "tracing",
]

[[package]]
name = "rpcv2cbor"
version = "0.0.1"
dependencies = [
 "aws-smithy-cbor",
 "aws-smithy-http",
 "aws-smithy-http-server",
 "aws-smithy-runtime-api",
 "aws-smithy-types",
 "futures-util",
 "http 1.5.0",
 "http-body-util",
 "mime",
 "pin-project-lite",
 "tower",
 "tracing",
]

[[package]]
name = "rpcv2cbor-schema"
version = "0.0.1"
dependencies = [
 "aws-smithy-cbor",
 "aws-smithy-http",
 "aws-smithy-http-server",
 "aws-smithy-runtime-api",
 "aws-smithy-schema",
 "aws-smithy-types",
 "futures-util",
 "http 1.5.0",
 "http-body-util",
 "mime",
 "pin-project-lite",
 "tower",
 "tracing",
]

[[package]]
name = "rpcv2cbor_extras"
version = "0.0.1"
dependencies = [
 "aws-smithy-cbor",
 "aws-smithy-eventstream",
 "aws-smithy-http",
 "aws-smithy-http-server",
 "aws-smithy-runtime-api",
 "aws-smithy-types",
 "bytes",
 "futures-util",
 "http 1.5.0",
 "http-body 1.1.0",
 "http-body-util",
 "mime",
 "pin-project-lite",
 "tower",
 "tracing",
]

[[package]]
name = "rustversion"
version = "1.0.23"
source = "registry+https://github.com/rust-lang/crates.io-index"
checksum = "cf54715a573b99ac80df0bc206da022bcd442c974952c7b9720069370852e21f"

[[package]]
name = "ryu"
version = "1.0.23"
source = "registry+https://github.com/rust-lang/crates.io-index"
checksum = "9774ba4a74de5f7b1c1451ed6cd5285a32eddb5cccb8cc655a4e50009e06477f"

[[package]]
name = "scopeguard"
version = "1.2.0"
source = "registry+https://github.com/rust-lang/crates.io-index"
checksum = "94143f37725109f92c262ed2cf5e59bce7498c01bcc1502d7b9afe439a4e9f49"

[[package]]
name = "serde"
version = "1.0.229"
source = "registry+https://github.com/rust-lang/crates.io-index"
checksum = "4148590afebada386688f18773da617792bf2ef03ffc1e4cbd2b1d45b023e0ba"
dependencies = [
 "serde_core",
 "serde_derive",
]

[[package]]
name = "serde_core"
version = "1.0.229"
source = "registry+https://github.com/rust-lang/crates.io-index"
checksum = "67dca2c9c51e58a4791a4b1ed58308b39c64224d349a935ab5039aa360942a48"
dependencies = [
 "serde_derive",
]

[[package]]
name = "serde_derive"
version = "1.0.229"
source = "registry+https://github.com/rust-lang/crates.io-index"
checksum = "e7a5d71263a5a7d47b41f6b3f06ba276f10cc18b0931f1799f710578e2309348"
dependencies = [
 "proc-macro2",
 "quote",
 "syn 3.0.3",
]

[[package]]
name = "serde_json"
version = "1.0.151"
source = "registry+https://github.com/rust-lang/crates.io-index"
checksum = "c841b55ecdae098c80dcae9cf767f6f8a0c2cdb3416bbef72181df4d0fe73f14"
dependencies = [
 "itoa",
 "memchr",
 "serde",
 "serde_core",
 "zmij",
]

[[package]]
name = "serde_urlencoded"
version = "0.7.1"
source = "registry+https://github.com/rust-lang/crates.io-index"
checksum = "d3491c14715ca2294c4d6a88f15e84739788c1d030eed8c110436aafdaa2f3fd"
dependencies = [
 "form_urlencoded",
 "itoa",
 "ryu",
 "serde",
]

[[package]]
name = "signal-hook-registry"
version = "1.4.8"
source = "registry+https://github.com/rust-lang/crates.io-index"
checksum = "c4db69cba1110affc0e9f7bcd48bbf87b3f4fc7c61fc9155afd4c469eb3d6c1b"
dependencies = [
 "errno",
 "libc",
]

[[package]]
name = "slab"
version = "0.4.12"
source = "registry+https://github.com/rust-lang/crates.io-index"
checksum = "0c790de23124f9ab44544d7ac05d60440adc586479ce501c1d6d7da3cd8c9cf5"

[[package]]
name = "smallvec"
version = "1.15.2"
source = "registry+https://github.com/rust-lang/crates.io-index"
checksum = "8ed6a63f02c8539c91a8685a86f4099661ba3da017932f6ebbea6de3f0fa7c90"

[[package]]
name = "socket2"
version = "0.6.5"
source = "registry+https://github.com/rust-lang/crates.io-index"
checksum = "c3d1e2c7f27f8d4cb10542a02c49005dbd6e93095799d6f3be745fae9f8fedd4"
dependencies = [
 "libc",
 "windows-sys",
]

[[package]]
name = "syn"
version = "2.0.119"
source = "registry+https://github.com/rust-lang/crates.io-index"
checksum = "872831b642d1a07999a962a351ed35b955ea2cfc8f3862091e2a240a84f17297"
dependencies = [
 "proc-macro2",
 "quote",
 "unicode-ident",
]

[[package]]
name = "syn"
version = "3.0.3"
source = "registry+https://github.com/rust-lang/crates.io-index"
checksum = "53e9bae58849f64dfa4f5d5ae372c8341f7305f82a3868709269343628b659a3"
dependencies = [
 "proc-macro2",
 "quote",
 "unicode-ident",
]

[[package]]
name = "thiserror"
version = "2.0.20"
source = "registry+https://github.com/rust-lang/crates.io-index"
checksum = "ec86235f5fcc2a73650310756d2ac5b138a5780bbbdfae3eeccec992c435ba4f"
dependencies = [
 "thiserror-impl",
]

[[package]]
name = "thiserror-impl"
version = "2.0.20"
source = "registry+https://github.com/rust-lang/crates.io-index"
checksum = "bc04cd3e1236dd4a98afca4569f2deb3f120e5422a4023be2cb683f8486292af"
dependencies = [
 "proc-macro2",
 "quote",
 "syn 3.0.3",
]

[[package]]
name = "time"
version = "0.3.55"
source = "registry+https://github.com/rust-lang/crates.io-index"
checksum = "cdb87b95ec50ddfa440816d227a17b2ccbdda963a316a727fda0fc4334f7d134"
dependencies = [
 "deranged",
 "num-conv",
 "powerfmt",
 "serde_core",
 "time-core",
 "time-macros",
]

[[package]]
name = "time-core"
version = "0.1.9"
source = "registry+https://github.com/rust-lang/crates.io-index"
checksum = "9e1c906769ad99c88eaa54e728060edef082f8e358ff32030cb7c7d315e81109"

[[package]]
name = "time-macros"
version = "0.2.32"
source = "registry+https://github.com/rust-lang/crates.io-index"
checksum = "7e689342a48d2ea927c87ea50cabf8594854bf940e9310208848d680d668ed85"
dependencies = [
 "num-conv",
 "time-core",
]

[[package]]
name = "tokio"
version = "1.53.1"
source = "registry+https://github.com/rust-lang/crates.io-index"
checksum = "202caea871b69668250d242070849eb495be178ed697a3e98aebce5bc81a0bed"
dependencies = [
 "bytes",
 "libc",
 "mio",
 "parking_lot",
 "pin-project-lite",
 "signal-hook-registry",
 "socket2",
 "tokio-macros",
 "windows-sys",
]

[[package]]
name = "tokio-macros"
version = "2.7.2"
source = "registry+https://github.com/rust-lang/crates.io-index"
checksum = "78773a2a397f451582ce068015985c33193cf6dea8b74d2a639fe457b2f07b0e"
dependencies = [
 "proc-macro2",
 "quote",
 "syn 3.0.3",
]

[[package]]
name = "tokio-util"
version = "0.7.19"
source = "registry+https://github.com/rust-lang/crates.io-index"
checksum = "494815d09bf52b5548659851081238f0ca39ff638363907596da739561c62c52"
dependencies = [
 "bytes",
 "futures-core",
 "futures-sink",
 "libc",
 "pin-project-lite",
 "tokio",
]

[[package]]
name = "tower"
version = "0.4.13"
source = "registry+https://github.com/rust-lang/crates.io-index"
checksum = "b8fa9be0de6cf49e536ce1851f987bd21a43b771b09473c3549a6c853db37c1c"
dependencies = [
 "futures-core",
 "futures-util",
 "pin-project",
 "pin-project-lite",
 "tokio",
 "tower-layer",
 "tower-service",
 "tracing",
]

[[package]]
name = "tower-http"
version = "0.6.11"
source = "registry+https://github.com/rust-lang/crates.io-index"
checksum = "4cfcf7e2740e6fc6d4d688b4ef00650406bb94adf4731e43c096c3a19fe40840"
dependencies = [
 "bitflags",
 "bytes",
 "http 1.5.0",
 "pin-project-lite",
 "tower-layer",
 "tower-service",
]

[[package]]
name = "tower-layer"
version = "0.3.3"
source = "registry+https://github.com/rust-lang/crates.io-index"
checksum = "121c2a6cda46980bb0fcd1647ffaf6cd3fc79a013de288782836f6df9c48780e"

[[package]]
name = "tower-service"
version = "0.3.3"
source = "registry+https://github.com/rust-lang/crates.io-index"
checksum = "8df9b6e13f2d32c91b9bd719c00d1958837bc7dec474d94952798cc8e69eeec3"

[[package]]
name = "tracing"
version = "0.1.44"
source = "registry+https://github.com/rust-lang/crates.io-index"
checksum = "63e71662fa4b2a2c3a26f570f037eb95bb1f85397f3cd8076caed2f026a6d100"
dependencies = [
 "log",
 "pin-project-lite",
 "tracing-attributes",
 "tracing-core",
]

[[package]]
name = "tracing-attributes"
version = "0.1.31"
source = "registry+https://github.com/rust-lang/crates.io-index"
checksum = "7490cfa5ec963746568740651ac6781f701c9c5ea257c58e057f3ba8cf69e8da"
dependencies = [
 "proc-macro2",
 "quote",
 "syn 2.0.119",
]

[[package]]
name = "tracing-core"
version = "0.1.36"
source = "registry+https://github.com/rust-lang/crates.io-index"
checksum = "db97caf9d906fbde555dd62fa95ddba9eecfd14cb388e4f491a66d74cd5fb79a"
dependencies = [
 "once_cell",
]

[[package]]
name = "unicode-ident"
version = "1.0.24"
source = "registry+https://github.com/rust-lang/crates.io-index"
checksum = "e6e4313cd5fcd3dad5cafa179702e2b244f760991f45397d14d4ebf38247da75"

[[package]]
name = "uuid"
version = "1.25.0"
source = "registry+https://github.com/rust-lang/crates.io-index"
checksum = "f053576934f05a761a402421fbbe3d425d9366f75f978806a037b3ca481abecc"
dependencies = [
 "getrandom",
 "js-sys",
 "rand",
 "wasm-bindgen",
]

[[package]]
name = "vsimd"
version = "0.8.0"
source = "registry+https://github.com/rust-lang/crates.io-index"
checksum = "5c3082ca00d5a5ef149bb8b555a72ae84c9c59f7250f013ac822ac2e49b19c64"

[[package]]
name = "wasi"
version = "0.11.1+wasi-snapshot-preview1"
source = "registry+https://github.com/rust-lang/crates.io-index"
checksum = "ccf3ec651a847eb01de73ccad15eb7d99f80485de043efb2f370cd654f4ea44b"

[[package]]
name = "wasm-bindgen"
version = "0.2.127"
source = "registry+https://github.com/rust-lang/crates.io-index"
checksum = "1b70935747edd64d89de3efa29d73789b806c15798f8e7dca4d8ac356b50ce70"
dependencies = [
 "cfg-if",
 "once_cell",
 "rustversion",
 "wasm-bindgen-macro",
 "wasm-bindgen-shared",
]

[[package]]
name = "wasm-bindgen-macro"
version = "0.2.127"
source = "registry+https://github.com/rust-lang/crates.io-index"
checksum = "77775f8f3f7217702089053b94958f8f54061a3f663417df76e19cbdcca29bc1"
dependencies = [
 "quote",
 "wasm-bindgen-macro-support",
]

[[package]]
name = "wasm-bindgen-macro-support"
version = "0.2.127"
source = "registry+https://github.com/rust-lang/crates.io-index"
checksum = "e11d33f857dc2fb11b8bc75aee111aa9cbeb12cd9f25efd3d4c2a3dd4e235284"
dependencies = [
 "bumpalo",
 "proc-macro2",
 "quote",
 "syn 2.0.119",
 "wasm-bindgen-shared",
]

[[package]]
name = "wasm-bindgen-shared"
version = "0.2.127"
source = "registry+https://github.com/rust-lang/crates.io-index"
checksum = "7ef64dbcc55df09c7e5a46182d181c2cfa3e925f3da937ea764728b4bbb9dcbf"
dependencies = [
 "unicode-ident",
]

[[package]]
name = "windows-link"
version = "0.2.1"
source = "registry+https://github.com/rust-lang/crates.io-index"
checksum = "f0805222e57f7521d6a62e36fa9163bc891acd422f971defe97d64e70d0a4fe5"

[[package]]
name = "windows-sys"
version = "0.61.2"
source = "registry+https://github.com/rust-lang/crates.io-index"
checksum = "ae137229bcbd6cdf0f7b80a31df61766145077ddf49416a728b02cb3921ff3fc"
dependencies = [
 "windows-link",
]

[[package]]
name = "wire-capture"
version = "0.0.1"
dependencies = [
 "aws-smithy-http-server",
 "aws-smithy-schema",
 "bytes",
 "constraints",
 "constraints-schema",
 "custom-validation-exception-example",
 "http 1.5.0",
 "http-body 1.1.0",
 "http-body-util",
 "hyper",
 "json_rpc10",
 "json_rpc10-schema",
 "json_rpc11",
 "json_rpc11-schema",
 "minicbor",
 "pokemon-service-server-sdk",
 "pokemon-service-server-sdk-schema",
 "rest_json",
 "rest_json-schema",
 "rpcv2cbor",
 "rpcv2cbor-schema",
 "rpcv2cbor_extras",
 "serde_json",
 "tokio",
 "tower",
]

[[package]]
name = "xmlparser"
version = "0.13.6"
source = "registry+https://github.com/rust-lang/crates.io-index"
checksum = "66fee0b777b0f5ac1c69bb06d361268faafa61cd4682ae064a171c16c433e9e4"

[[package]]
name = "zerocopy"
version = "0.8.56"
source = "registry+https://github.com/rust-lang/crates.io-index"
checksum = "556764e583adb45a9f8d413c2a147fa7e8d821e48e12b14fd560b607998b75eb"
dependencies = [
 "zerocopy-derive",
]

[[package]]
name = "zerocopy-derive"
version = "0.8.56"
source = "registry+https://github.com/rust-lang/crates.io-index"
checksum = "f2ab42fc20575779bd240faa45f94a74256f755c0fa9e89f0ede20d91d0cdfc1"
dependencies = [
 "proc-macro2",
 "quote",
 "syn 2.0.119",
]

[[package]]
name = "zmij"
version = "1.0.23"
source = "registry+https://github.com/rust-lang/crates.io-index"
checksum = "29666d0abbfad1e3dc4dcf6144730dd3a3ab225bbbdac83319345b1b44ccfc1b"
