# This file is automatically @generated by Cargo.
# It is not intended for manual editing.
version = 3

[[package]]
name = "ansi_term"
version = "0.12.1"
source = "registry+https://github.com/rust-lang/crates.io-index"
checksum = "d52a9bb7ec0cf484c551830a7ce27bd20d67eac647e1befb56b0be4ee39a55d2"
dependencies = [
 "winapi",
]

[[package]]
name = "anyhow"
version = "1.0.53"
source = "registry+https://github.com/rust-lang/crates.io-index"
checksum = "94a45b455c14666b85fc40a019e8ab9eb75e3a124e05494f5397122bc9eb06e0"

[[package]]
name = "async-trait"
version = "0.1.52"
source = "registry+https://github.com/rust-lang/crates.io-index"
checksum = "061a7acccaa286c011ddc30970520b98fa40e00c9d644633fb26b5fc63a265e3"
dependencies = [
 "proc-macro2",
 "quote",
 "syn",
]

[[package]]
name = "atty"
version = "0.2.14"
source = "registry+https://github.com/rust-lang/crates.io-index"
checksum = "d9b39be18770d11421cdb1b9947a45dd3f37e93092cbf377614828a319d5fee8"
dependencies = [
 "hermit-abi",
 "libc",
 "winapi",
]

[[package]]
name = "autocfg"
version = "1.0.1"
source = "registry+https://github.com/rust-lang/crates.io-index"
checksum = "cdb031dd78e28731d87d56cc8ffef4a8f36ca26c38fe2de700543e627f8a464a"

[[package]]
name = "bitflags"
version = "1.3.2"
source = "registry+https://github.com/rust-lang/crates.io-index"
checksum = "bef38d45163c2f1dde094a7dfd33ccf595c92905c8f8f4fdc18d06fb1037718a"

[[package]]
name = "camino"
version = "1.0.7"
source = "registry+https://github.com/rust-lang/crates.io-index"
checksum = "6f3132262930b0522068049f5870a856ab8affc80c70d08b6ecb785771a6fc23"
dependencies = [
 "serde",
]

[[package]]
name = "cargo-api-linter"
version = "0.1.0"
dependencies = [
 "anyhow",
 "cargo_metadata",
 "clap",
 "owo-colors",
 "pest",
 "pretty_assertions",
 "rustdoc-types",
 "serde",
 "serde_json",
 "smithy-rs-tool-common",
 "test_bin",
 "toml",
 "tracing",
 "tracing-attributes",
 "tracing-subscriber",
 "wildmatch",
]

[[package]]
name = "cargo-platform"
version = "0.1.2"
source = "registry+https://github.com/rust-lang/crates.io-index"
checksum = "cbdb825da8a5df079a43676dbe042702f1707b1109f713a01420fbb4cc71fa27"
dependencies = [
 "serde",
]

[[package]]
name = "cargo_metadata"
version = "0.14.1"
source = "registry+https://github.com/rust-lang/crates.io-index"
checksum = "ba2ae6de944143141f6155a473a6b02f66c7c3f9f47316f802f80204ebfe6e12"
dependencies = [
 "camino",
 "cargo-platform",
 "semver",
 "serde",
 "serde_json",
]

[[package]]
name = "cfg-if"
version = "1.0.0"
source = "registry+https://github.com/rust-lang/crates.io-index"
checksum = "baf1de4339761588bc0619e3cbc0120ee582ebb74b53b4efbf79117bd2da40fd"

[[package]]
name = "clap"
version = "3.0.14"
source = "registry+https://github.com/rust-lang/crates.io-index"
checksum = "b63edc3f163b3c71ec8aa23f9bd6070f77edbf3d1d198b164afa90ff00e4ec62"
dependencies = [
 "atty",
 "bitflags",
 "clap_derive",
 "indexmap",
 "lazy_static",
 "os_str_bytes",
 "strsim",
 "termcolor",
 "textwrap",
]

[[package]]
name = "clap_derive"
version = "3.0.14"
source = "registry+https://github.com/rust-lang/crates.io-index"
checksum = "9a1132dc3944b31c20dd8b906b3a9f0a5d0243e092d59171414969657ac6aa85"
dependencies = [
 "heck",
 "proc-macro-error",
 "proc-macro2",
 "quote",
 "syn",
]

[[package]]
name = "ctor"
version = "0.1.21"
source = "registry+https://github.com/rust-lang/crates.io-index"
checksum = "ccc0a48a9b826acdf4028595adc9db92caea352f7af011a3034acd172a52a0aa"
dependencies = [
 "quote",
 "syn",
]

[[package]]
name = "diff"
version = "0.1.12"
source = "registry+https://github.com/rust-lang/crates.io-index"
checksum = "0e25ea47919b1560c4e3b7fe0aaab9becf5b84a10325ddf7db0f0ba5e1026499"

[[package]]
name = "hashbrown"
version = "0.11.2"
source = "registry+https://github.com/rust-lang/crates.io-index"
checksum = "ab5ef0d4909ef3724cc8cce6ccc8572c5c817592e9285f5464f8e86f8bd3726e"

[[package]]
name = "heck"
version = "0.4.0"
source = "registry+https://github.com/rust-lang/crates.io-index"
checksum = "2540771e65fc8cb83cd6e8a237f70c319bd5c29f78ed1084ba5d50eeac86f7f9"

[[package]]
name = "hermit-abi"
version = "0.1.19"
source = "registry+https://github.com/rust-lang/crates.io-index"
checksum = "62b467343b94ba476dcb2500d242dadbb39557df889310ac77c5d99100aaac33"
dependencies = [
 "libc",
]

[[package]]
name = "indexmap"
version = "1.8.0"
source = "registry+https://github.com/rust-lang/crates.io-index"
checksum = "282a6247722caba404c065016bbfa522806e51714c34f5dfc3e4a3a46fcb4223"
dependencies = [
 "autocfg",
 "hashbrown",
]

[[package]]
name = "is_ci"
version = "1.1.1"
source = "registry+https://github.com/rust-lang/crates.io-index"
checksum = "616cde7c720bb2bb5824a224687d8f77bfd38922027f01d825cd7453be5099fb"

[[package]]
name = "itoa"
version = "1.0.1"
source = "registry+https://github.com/rust-lang/crates.io-index"
checksum = "1aab8fc367588b89dcee83ab0fd66b72b50b72fa1904d7095045ace2b0c81c35"

[[package]]
name = "lazy_static"
version = "1.4.0"
source = "registry+https://github.com/rust-lang/crates.io-index"
checksum = "e2abad23fbc42b3700f2f279844dc832adb2b2eb069b2df918f455c4e18cc646"

[[package]]
name = "libc"
version = "0.2.117"
source = "registry+https://github.com/rust-lang/crates.io-index"
checksum = "e74d72e0f9b65b5b4ca49a346af3976df0f9c61d550727f349ecd559f251a26c"

[[package]]
name = "log"
version = "0.4.14"
source = "registry+https://github.com/rust-lang/crates.io-index"
checksum = "51b9bbe6c47d51fc3e1a9b945965946b4c44142ab8792c50835a980d362c2710"
dependencies = [
 "cfg-if",
]

[[package]]
name = "matchers"
version = "0.1.0"
source = "registry+https://github.com/rust-lang/crates.io-index"
checksum = "8263075bb86c5a1b1427b5ae862e8889656f126e9f77c484496e8b47cf5c5558"
dependencies = [
 "regex-automata",
]

[[package]]
name = "memchr"
version = "2.4.1"
source = "registry+https://github.com/rust-lang/crates.io-index"
checksum = "308cc39be01b73d0d18f82a0e7b2a3df85245f84af96fdddc5d202d27e47b86a"

[[package]]
name = "once_cell"
version = "1.9.0"
source = "registry+https://github.com/rust-lang/crates.io-index"
checksum = "da32515d9f6e6e489d7bc9d84c71b060db7247dc035bbe44eac88cf87486d8d5"

[[package]]
name = "os_str_bytes"
version = "6.0.0"
source = "registry+https://github.com/rust-lang/crates.io-index"
checksum = "8e22443d1643a904602595ba1cd8f7d896afe56d26712531c5ff73a15b2fbf64"
dependencies = [
 "memchr",
]

[[package]]
name = "output_vt100"
version = "0.1.2"
source = "registry+https://github.com/rust-lang/crates.io-index"
checksum = "53cdc5b785b7a58c5aad8216b3dfa114df64b0b06ae6e1501cef91df2fbdf8f9"
dependencies = [
 "winapi",
]

[[package]]
name = "owo-colors"
version = "3.2.0"
source = "registry+https://github.com/rust-lang/crates.io-index"
checksum = "20448fd678ec04e6ea15bbe0476874af65e98a01515d667aa49f1434dc44ebf4"
dependencies = [
 "supports-color",
]

[[package]]
name = "pest"
version = "2.1.3"
source = "registry+https://github.com/rust-lang/crates.io-index"
checksum = "10f4872ae94d7b90ae48754df22fd42ad52ce740b8f370b03da4835417403e53"
dependencies = [
 "ucd-trie",
]

[[package]]
name = "pin-project-lite"
version = "0.2.8"
source = "registry+https://github.com/rust-lang/crates.io-index"
checksum = "e280fbe77cc62c91527259e9442153f4688736748d24660126286329742b4c6c"

[[package]]
name = "pretty_assertions"
version = "1.1.0"
source = "registry+https://github.com/rust-lang/crates.io-index"
checksum = "76d5b548b725018ab5496482b45cb8bef21e9fed1858a6d674e3a8a0f0bb5d50"
dependencies = [
 "ansi_term",
 "ctor",
 "diff",
 "output_vt100",
]

[[package]]
name = "proc-macro-error"
version = "1.0.4"
source = "registry+https://github.com/rust-lang/crates.io-index"
checksum = "da25490ff9892aab3fcf7c36f08cfb902dd3e71ca0f9f9517bea02a73a5ce38c"
dependencies = [
 "proc-macro-error-attr",
 "proc-macro2",
 "quote",
 "syn",
 "version_check",
]

[[package]]
name = "proc-macro-error-attr"
version = "1.0.4"
source = "registry+https://github.com/rust-lang/crates.io-index"
checksum = "a1be40180e52ecc98ad80b184934baf3d0d29f979574e439af5a55274b35f869"
dependencies = [
 "proc-macro2",
 "quote",
 "version_check",
]

[[package]]
name = "proc-macro2"
version = "1.0.36"
source = "registry+https://github.com/rust-lang/crates.io-index"
checksum = "c7342d5883fbccae1cc37a2353b09c87c9b0f3afd73f5fb9bba687a1f733b029"
dependencies = [
 "unicode-xid",
]

[[package]]
name = "quote"
version = "1.0.15"
source = "registry+https://github.com/rust-lang/crates.io-index"
checksum = "864d3e96a899863136fc6e99f3d7cae289dafe43bf2c5ac19b70df7210c0a145"
dependencies = [
 "proc-macro2",
]

[[package]]
name = "regex"
version = "1.5.4"
source = "registry+https://github.com/rust-lang/crates.io-index"
checksum = "d07a8629359eb56f1e2fb1652bb04212c072a87ba68546a04065d525673ac461"
dependencies = [
 "regex-syntax",
]

[[package]]
name = "regex-automata"
version = "0.1.10"
source = "registry+https://github.com/rust-lang/crates.io-index"
checksum = "6c230d73fb8d8c1b9c0b3135c5142a8acee3a0558fb8db5cf1cb65f8d7862132"
dependencies = [
 "regex-syntax",
]

[[package]]
name = "regex-syntax"
version = "0.6.25"
source = "registry+https://github.com/rust-lang/crates.io-index"
checksum = "f497285884f3fcff424ffc933e56d7cbca511def0c9831a7f9b5f6153e3cc89b"

[[package]]
name = "rustdoc-types"
version = "0.6.0"
source = "registry+https://github.com/rust-lang/crates.io-index"
checksum = "22a3ce1940d83d496b6dcfc07827da84877971d082ae5740b3a710ca1824d09d"
dependencies = [
 "serde",
]

[[package]]
name = "ryu"
version = "1.0.9"
source = "registry+https://github.com/rust-lang/crates.io-index"
checksum = "73b4b750c782965c211b42f022f59af1fbceabdd026623714f104152f1ec149f"

[[package]]
name = "semver"
version = "1.0.5"
source = "registry+https://github.com/rust-lang/crates.io-index"
checksum = "0486718e92ec9a68fbed73bb5ef687d71103b142595b406835649bebd33f72c7"
dependencies = [
 "serde",
]

[[package]]
name = "serde"
version = "1.0.136"
source = "registry+https://github.com/rust-lang/crates.io-index"
checksum = "ce31e24b01e1e524df96f1c2fdd054405f8d7376249a5110886fb4b658484789"
dependencies = [
 "serde_derive",
]

[[package]]
name = "serde_derive"
version = "1.0.136"
source = "registry+https://github.com/rust-lang/crates.io-index"
checksum = "08597e7152fcd306f41838ed3e37be9eaeed2b61c42e2117266a554fab4662f9"
dependencies = [
 "proc-macro2",
 "quote",
 "syn",
]

[[package]]
name = "serde_json"
version = "1.0.78"
source = "registry+https://github.com/rust-lang/crates.io-index"
checksum = "d23c1ba4cf0efd44be32017709280b32d1cea5c3f1275c3b6d9e8bc54f758085"
dependencies = [
 "itoa",
 "ryu",
 "serde",
]

[[package]]
name = "sharded-slab"
version = "0.1.4"
source = "registry+https://github.com/rust-lang/crates.io-index"
checksum = "900fba806f70c630b0a382d0d825e17a0f19fcd059a2ade1ff237bcddf446b31"
dependencies = [
 "lazy_static",
]

[[package]]
name = "smallvec"
version = "1.8.0"
source = "registry+https://github.com/rust-lang/crates.io-index"
checksum = "f2dd574626839106c320a323308629dcb1acfc96e32a8cba364ddc61ac23ee83"

[[package]]
name = "smithy-rs-tool-common"
version = "0.1.0"
dependencies = [
 "anyhow",
 "async-trait",
 "tracing",
]

[[package]]
name = "strsim"
version = "0.10.0"
source = "registry+https://github.com/rust-lang/crates.io-index"
checksum = "73473c0e59e6d5812c5dfe2a064a6444949f089e20eec9a2e5506596494e4623"

[[package]]
name = "supports-color"
version = "1.3.0"
source = "registry+https://github.com/rust-lang/crates.io-index"
checksum = "4872ced36b91d47bae8a214a683fe54e7078875b399dfa251df346c9b547d1f9"
dependencies = [
 "atty",
 "is_ci",
]

[[package]]
name = "syn"
version = "1.0.86"
source = "registry+https://github.com/rust-lang/crates.io-index"
checksum = "8a65b3f4ffa0092e9887669db0eae07941f023991ab58ea44da8fe8e2d511c6b"
dependencies = [
 "proc-macro2",
 "quote",
 "unicode-xid",
]

[[package]]
name = "termcolor"
version = "1.1.2"
source = "registry+https://github.com/rust-lang/crates.io-index"
checksum = "2dfed899f0eb03f32ee8c6a0aabdb8a7949659e3466561fc0adf54e26d88c5f4"
dependencies = [
 "winapi-util",
]

[[package]]
name = "test_bin"
version = "0.4.0"
source = "registry+https://github.com/rust-lang/crates.io-index"
checksum = "8e7a7de15468c6e65dd7db81cf3822c1ec94c71b2a3c1a976ea8e4696c91115c"

[[package]]
name = "textwrap"
version = "0.14.2"
source = "registry+https://github.com/rust-lang/crates.io-index"
checksum = "0066c8d12af8b5acd21e00547c3797fde4e8677254a7ee429176ccebbe93dd80"

[[package]]
name = "thread_local"
version = "1.1.4"
source = "registry+https://github.com/rust-lang/crates.io-index"
checksum = "5516c27b78311c50bf42c071425c560ac799b11c30b31f87e3081965fe5e0180"
dependencies = [
 "once_cell",
]

[[package]]
name = "toml"
version = "0.5.8"
source = "registry+https://github.com/rust-lang/crates.io-index"
checksum = "a31142970826733df8241ef35dc040ef98c679ab14d7c3e54d827099b3acecaa"
dependencies = [
 "serde",
]

[[package]]
name = "tracing"
version = "0.1.30"
source = "registry+https://github.com/rust-lang/crates.io-index"
checksum = "2d8d93354fe2a8e50d5953f5ae2e47a3fc2ef03292e7ea46e3cc38f549525fb9"
dependencies = [
 "cfg-if",
 "pin-project-lite",
 "tracing-attributes",
 "tracing-core",
]

[[package]]
name = "tracing-attributes"
version = "0.1.19"
source = "registry+https://github.com/rust-lang/crates.io-index"
checksum = "8276d9a4a3a558d7b7ad5303ad50b53d58264641b82914b7ada36bd762e7a716"
dependencies = [
 "proc-macro2",
 "quote",
 "syn",
]

[[package]]
name = "tracing-core"
version = "0.1.22"
source = "registry+https://github.com/rust-lang/crates.io-index"
checksum = "03cfcb51380632a72d3111cb8d3447a8d908e577d31beeac006f836383d29a23"
dependencies = [
 "lazy_static",
 "valuable",
]

[[package]]
name = "tracing-log"
version = "0.1.2"
source = "registry+https://github.com/rust-lang/crates.io-index"
checksum = "a6923477a48e41c1951f1999ef8bb5a3023eb723ceadafe78ffb65dc366761e3"
dependencies = [
 "lazy_static",
 "log",
 "tracing-core",
]

[[package]]
name = "tracing-subscriber"
version = "0.3.8"
source = "registry+https://github.com/rust-lang/crates.io-index"
checksum = "74786ce43333fcf51efe947aed9718fbe46d5c7328ec3f1029e818083966d9aa"
dependencies = [
 "ansi_term",
 "lazy_static",
 "matchers",
 "regex",
 "sharded-slab",
 "smallvec",
 "thread_local",
 "tracing",
 "tracing-core",
 "tracing-log",
]

[[package]]
name = "ucd-trie"
version = "0.1.3"
source = "registry+https://github.com/rust-lang/crates.io-index"
checksum = "56dee185309b50d1f11bfedef0fe6d036842e3fb77413abef29f8f8d1c5d4c1c"

[[package]]
name = "unicode-xid"
version = "0.2.2"
source = "registry+https://github.com/rust-lang/crates.io-index"
checksum = "8ccb82d61f80a663efe1f787a51b16b5a51e3314d6ac365b08639f52387b33f3"

[[package]]
name = "valuable"
version = "0.1.0"
source = "registry+https://github.com/rust-lang/crates.io-index"
checksum = "830b7e5d4d90034032940e4ace0d9a9a057e7a45cd94e6c007832e39edb82f6d"

[[package]]
name = "version_check"
version = "0.9.4"
source = "registry+https://github.com/rust-lang/crates.io-index"
checksum = "49874b5167b65d7193b8aba1567f5c7d93d001cafc34600cee003eda787e483f"

[[package]]
name = "wildmatch"
version = "2.1.0"
source = "registry+https://github.com/rust-lang/crates.io-index"
checksum = "d6c48bd20df7e4ced539c12f570f937c6b4884928a87fee70a479d72f031d4e0"

[[package]]
name = "winapi"
version = "0.3.9"
source = "registry+https://github.com/rust-lang/crates.io-index"
checksum = "5c839a674fcd7a98952e593242ea400abe93992746761e38641405d28b00f419"
dependencies = [
 "winapi-i686-pc-windows-gnu",
 "winapi-x86_64-pc-windows-gnu",
]

[[package]]
name = "winapi-i686-pc-windows-gnu"
version = "0.4.0"
source = "registry+https://github.com/rust-lang/crates.io-index"
checksum = "ac3b87c63620426dd9b991e5ce0329eff545bccbbb34f3be09ff6fb6ab51b7b6"

[[package]]
name = "winapi-util"
version = "0.1.5"
source = "registry+https://github.com/rust-lang/crates.io-index"
checksum = "70ec6ce85bb158151cae5e5c87f95a8e97d2c0c4b001223f33a334e3ce5de178"
dependencies = [
 "winapi",
]

[[package]]
name = "winapi-x86_64-pc-windows-gnu"
version = "0.4.0"
source = "registry+https://github.com/rust-lang/crates.io-index"
checksum = "712e227841d057c1ee1cd2fb22fa7e5a5461ae8e48fa2ca79ec42cfc1931183f"
